
Microsoft Visual Studio Solution File, Format Version 12.00
# Visual Studio Version 17
VisualStudioVersion = 17.10.34916.146
MinimumVisualStudioVersion = 10.0.40219.1
Project("{FAE04EC0-301F-11D3-BF4B-00C04F79EFBC}") = "SurfLoggingSweden", "SurfLoggingSweden\SurfLoggingSweden\SurfLoggingSweden.csproj", "{A8CA2191-9FD4-4759-A11A-213DA1A23EB9}"
EndProject
Project("{FAE04EC0-301F-11D3-BF4B-00C04F79EFBC}") = "SurfLoggingSweden.Client", "SurfLoggingSweden\SurfLoggingSweden.Client\SurfLoggingSweden.Client.csproj", "{FD59F737-A84C-4175-A747-8FD3B9D82243}"
EndProject
Global
	GlobalSection(SolutionConfigurationPlatforms) = preSolution
		Debug|Any CPU = Debug|Any CPU
		Release|Any CPU = Release|Any CPU
	EndGlobalSection
	GlobalSection(ProjectConfigurationPlatforms) = postSolution
		{A8CA2191-9FD4-4759-A11A-213DA1A23EB9}.Debug|Any CPU.ActiveCfg = Debug|Any CPU
		{A8CA2191-9FD4-4759-A11A-213DA1A23EB9}.Debug|Any CPU.Build.0 = Debug|Any CPU
		{A8CA2191-9FD4-4759-A11A-213DA1A23EB9}.Release|Any CPU.ActiveCfg = Release|Any CPU
		{A8CA2191-9FD4-4759-A11A-213DA1A23EB9}.Release|Any CPU.Build.0 = Release|Any CPU
		{FD59F737-A84C-4175-A747-8FD3B9D82243}.Debug|Any CPU.ActiveCfg = Debug|Any CPU
		{FD59F737-A84C-4175-A747-8FD3B9D82243}.Debug|Any CPU.Build.0 = Debug|Any CPU
		{FD59F737-A84C-4175-A747-8FD3B9D82243}.Release|Any CPU.ActiveCfg = Release|Any CPU
		{FD59F737-A84C-4175-A747-8FD3B9D82243}.Release|Any CPU.Build.0 = Release|Any CPU
	EndGlobalSection
	GlobalSection(SolutionProperties) = preSolution
		HideSolutionNode = FALSE
	EndGlobalSection
	GlobalSection(ExtensibilityGlobals) = postSolution
		SolutionGuid = {5FDD59C5-2B34-4A9F-BEA7-B524B347DBF1}
	EndGlobalSection
EndGlobal
